// !$*UTF8*$!
{
	archiveVersion = 1;
	classes = {
	};
	objectVersion = 50;
	objects = {

/* Begin PBXBuildFile section */
		84B018FC21FBA4750054B4F0 /* InputTextView.swift in Sources */ = {isa = PBXBuildFile; fileRef = 84B018FB21FBA4750054B4F0 /* InputTextView.swift */; };
		84B018FE21FBA4870054B4F0 /* InputTextView.xib in Resources */ = {isa = PBXBuildFile; fileRef = 84B018FD21FBA4870054B4F0 /* InputTextView.xib */; };
		84B0190121FBA96F0054B4F0 /* UIColor.swift in Sources */ = {isa = PBXBuildFile; fileRef = 84B0190021FBA96F0054B4F0 /* UIColor.swift */; };
		84B0190521FBBD230054B4F0 /* Global.swift in Sources */ = {isa = PBXBuildFile; fileRef = 84B0190421FBBD230054B4F0 /* Global.swift */; };
		84B0190721FCB8650054B4F0 /* MainViewController.swift in Sources */ = {isa = PBXBuildFile; fileRef = 84B0190621FCB8650054B4F0 /* MainViewController.swift */; };
		84B0190B21FCEF5E0054B4F0 /* WeatherService.swift in Sources */ = {isa = PBXBuildFile; fileRef = 84B0190A21FCEF5E0054B4F0 /* WeatherService.swift */; };
		84B0190D21FD06830054B4F0 /* WeatherModel.swift in Sources */ = {isa = PBXBuildFile; fileRef = 84B0190C21FD06830054B4F0 /* WeatherModel.swift */; };
		84B0191121FD13AA0054B4F0 /* SFUIText-Regular.otf in Resources */ = {isa = PBXBuildFile; fileRef = 84B0191021FD112C0054B4F0 /* SFUIText-Regular.otf */; };
		84B0191221FD13AD0054B4F0 /* SFUIText-Medium.otf in Resources */ = {isa = PBXBuildFile; fileRef = 84B0190F21FD11270054B4F0 /* SFUIText-Medium.otf */; };
		84B0191421FD144B0054B4F0 /* UIFont.swift in Sources */ = {isa = PBXBuildFile; fileRef = 84B0191321FD144B0054B4F0 /* UIFont.swift */; };
		84B0191621FE203C0054B4F0 /* UILabel.swift in Sources */ = {isa = PBXBuildFile; fileRef = 84B0191521FE203C0054B4F0 /* UILabel.swift */; };
		84B0191821FE20590054B4F0 /* UIButton.swift in Sources */ = {isa = PBXBuildFile; fileRef = 84B0191721FE20590054B4F0 /* UIButton.swift */; };
		84F1761C21FB9F0200700312 /* AppDelegate.swift in Sources */ = {isa = PBXBuildFile; fileRef = 84F1761B21FB9F0200700312 /* AppDelegate.swift */; };
		84F1761E21FB9F0200700312 /* AuthViewController.swift in Sources */ = {isa = PBXBuildFile; fileRef = 84F1761D21FB9F0200700312 /* AuthViewController.swift */; };
		84F1762121FB9F0200700312 /* Main.storyboard in Resources */ = {isa = PBXBuildFile; fileRef = 84F1761F21FB9F0200700312 /* Main.storyboard */; };
		84F1762321FB9F0400700312 /* Assets.xcassets in Resources */ = {isa = PBXBuildFile; fileRef = 84F1762221FB9F0400700312 /* Assets.xcassets */; };
		84F1762621FB9F0400700312 /* LaunchScreen.storyboard in Resources */ = {isa = PBXBuildFile; fileRef = 84F1762421FB9F0400700312 /* LaunchScreen.storyboard */; };
/* End PBXBuildFile section */

/* Begin PBXFileReference section */
		84B018FB21FBA4750054B4F0 /* InputTextView.swift */ = {isa = PBXFileReference; lastKnownFileType = sourcecode.swift; path = InputTextView.swift; sourceTree = "<group>"; };
		84B018FD21FBA4870054B4F0 /* InputTextView.xib */ = {isa = PBXFileReference; lastKnownFileType = file.xib; path = InputTextView.xib; sourceTree = "<group>"; };
		84B0190021FBA96F0054B4F0 /* UIColor.swift */ = {isa = PBXFileReference; lastKnownFileType = sourcecode.swift; path = UIColor.swift; sourceTree = "<group>"; };
		84B0190421FBBD230054B4F0 /* Global.swift */ = {isa = PBXFileReference; lastKnownFileType = sourcecode.swift; path = Global.swift; sourceTree = "<group>"; };
		84B0190621FCB8650054B4F0 /* MainViewController.swift */ = {isa = PBXFileReference; lastKnownFileType = sourcecode.swift; path = MainViewController.swift; sourceTree = "<group>"; };
		84B0190A21FCEF5E0054B4F0 /* WeatherService.swift */ = {isa = PBXFileReference; lastKnownFileType = sourcecode.swift; path = WeatherService.swift; sourceTree = "<group>"; };
		84B0190C21FD06830054B4F0 /* WeatherModel.swift */ = {isa = PBXFileReference; lastKnownFileType = sourcecode.swift; path = WeatherModel.swift; sourceTree = "<group>"; };
		84B0190F21FD11270054B4F0 /* SFUIText-Medium.otf */ = {isa = PBXFileReference; lastKnownFileType = file; path = "SFUIText-Medium.otf"; sourceTree = "<group>"; };
		84B0191021FD112C0054B4F0 /* SFUIText-Regular.otf */ = {isa = PBXFileReference; lastKnownFileType = file; path = "SFUIText-Regular.otf"; sourceTree = "<group>"; };
		84B0191321FD144B0054B4F0 /* UIFont.swift */ = {isa = PBXFileReference; lastKnownFileType = sourcecode.swift; path = UIFont.swift; sourceTree = "<group>"; };
		84B0191521FE203C0054B4F0 /* UILabel.swift */ = {isa = PBXFileReference; lastKnownFileType = sourcecode.swift; path = UILabel.swift; sourceTree = "<group>"; };
		84B0191721FE20590054B4F0 /* UIButton.swift */ = {isa = PBXFileReference; lastKnownFileType = sourcecode.swift; path = UIButton.swift; sourceTree = "<group>"; };
		84F1761821FB9F0200700312 /* TestHH.app */ = {isa = PBXFileReference; explicitFileType = wrapper.application; includeInIndex = 0; path = TestHH.app; sourceTree = BUILT_PRODUCTS_DIR; };
		84F1761B21FB9F0200700312 /* AppDelegate.swift */ = {isa = PBXFileReference; lastKnownFileType = sourcecode.swift; path = AppDelegate.swift; sourceTree = "<group>"; };
		84F1761D21FB9F0200700312 /* AuthViewController.swift */ = {isa = PBXFileReference; lastKnownFileType = sourcecode.swift; path = AuthViewController.swift; sourceTree = "<group>"; };
		84F1762021FB9F0200700312 /* Base */ = {isa = PBXFileReference; lastKnownFileType = file.storyboard; name = Base; path = Base.lproj/Main.storyboard; sourceTree = "<group>"; };
		84F1762221FB9F0400700312 /* Assets.xcassets */ = {isa = PBXFileReference; lastKnownFileType = folder.assetcatalog; path = Assets.xcassets; sourceTree = "<group>"; };
		84F1762521FB9F0400700312 /* Base */ = {isa = PBXFileReference; lastKnownFileType = file.storyboard; name = Base; path = Base.lproj/LaunchScreen.storyboard; sourceTree = "<group>"; };
		84F1762721FB9F0400700312 /* Info.plist */ = {isa = PBXFileReference; lastKnownFileType = text.plist.xml; path = Info.plist; sourceTree = "<group>"; };
/* End PBXFileReference section */

/* Begin PBXFrameworksBuildPhase section */
		84F1761521FB9F0200700312 /* Frameworks */ = {
			isa = PBXFrameworksBuildPhase;
			buildActionMask = 2147483647;
			files = (
			);
			runOnlyForDeploymentPostprocessing = 0;
		};
/* End PBXFrameworksBuildPhase section */

/* Begin PBXGroup section */
		84B018F921FBA4340054B4F0 /* Views */ = {
			isa = PBXGroup;
			children = (
				84B018FD21FBA4870054B4F0 /* InputTextView.xib */,
				84B018FB21FBA4750054B4F0 /* InputTextView.swift */,
			);
			path = Views;
			sourceTree = "<group>";
		};
		84B018FF21FBA9560054B4F0 /* Extensions */ = {
			isa = PBXGroup;
			children = (
				84B0190021FBA96F0054B4F0 /* UIColor.swift */,
				84B0191321FD144B0054B4F0 /* UIFont.swift */,
				84B0191521FE203C0054B4F0 /* UILabel.swift */,
				84B0191721FE20590054B4F0 /* UIButton.swift */,
			);
			path = Extensions;
			sourceTree = "<group>";
		};
		84B0190821FCEEE10054B4F0 /* Services */ = {
			isa = PBXGroup;
			children = (
				84B0190A21FCEF5E0054B4F0 /* WeatherService.swift */,
			);
			path = Services;
			sourceTree = "<group>";
		};
		84B0190921FCEF040054B4F0 /* Models */ = {
			isa = PBXGroup;
			children = (
				84B0190C21FD06830054B4F0 /* WeatherModel.swift */,
			);
			path = Models;
			sourceTree = "<group>";
		};
		84B0190E21FD10F60054B4F0 /* Fonts */ = {
			isa = PBXGroup;
			children = (
				84B0191021FD112C0054B4F0 /* SFUIText-Regular.otf */,
				84B0190F21FD11270054B4F0 /* SFUIText-Medium.otf */,
			);
			path = Fonts;
			sourceTree = "<group>";
		};
		84F1760F21FB9F0200700312 = {
			isa = PBXGroup;
			children = (
				84F1761A21FB9F0200700312 /* TestHH */,
				84F1761921FB9F0200700312 /* Products */,
			);
			sourceTree = "<group>";
		};
		84F1761921FB9F0200700312 /* Products */ = {
			isa = PBXGroup;
			children = (
				84F1761821FB9F0200700312 /* TestHH.app */,
			);
			name = Products;
			sourceTree = "<group>";
		};
		84F1761A21FB9F0200700312 /* TestHH */ = {
			isa = PBXGroup;
			children = (
				84B0190921FCEF040054B4F0 /* Models */,
				84F1762E21FB9F4300700312 /* Views */,
				84B0190821FCEEE10054B4F0 /* Services */,
				84F1763021FB9FDF00700312 /* Resources */,
				84F1762D21FB9F3A00700312 /* System */,
				84B018FF21FBA9560054B4F0 /* Extensions */,
			);
			path = TestHH;
			sourceTree = "<group>";
		};
		84F1762D21FB9F3A00700312 /* System */ = {
			isa = PBXGroup;
			children = (
				84F1761B21FB9F0200700312 /* AppDelegate.swift */,
				84F1762721FB9F0400700312 /* Info.plist */,
				84B0190421FBBD230054B4F0 /* Global.swift */,
			);
			path = System;
			sourceTree = "<group>";
		};
		84F1762E21FB9F4300700312 /* Views */ = {
			isa = PBXGroup;
			children = (
				84B018F921FBA4340054B4F0 /* Views */,
				84F1762F21FB9F4900700312 /* Controllers */,
				84F1761F21FB9F0200700312 /* Main.storyboard */,
				84F1762421FB9F0400700312 /* LaunchScreen.storyboard */,
			);
			path = Views;
			sourceTree = "<group>";
		};
		84F1762F21FB9F4900700312 /* Controllers */ = {
			isa = PBXGroup;
			children = (
				84F1761D21FB9F0200700312 /* AuthViewController.swift */,
				84B0190621FCB8650054B4F0 /* MainViewController.swift */,
			);
			path = Controllers;
			sourceTree = "<group>";
		};
		84F1763021FB9FDF00700312 /* Resources */ = {
			isa = PBXGroup;
			children = (
				84B0190E21FD10F60054B4F0 /* Fonts */,
				84F1762221FB9F0400700312 /* Assets.xcassets */,
			);
			path = Resources;
			sourceTree = "<group>";
		};
/* End PBXGroup section */

/* Begin PBXNativeTarget section */
		84F1761721FB9F0200700312 /* TestHH */ = {
			isa = PBXNativeTarget;
			buildConfigurationList = 84F1762A21FB9F0400700312 /* Build configuration list for PBXNativeTarget "TestHH" */;
			buildPhases = (
				84F1761421FB9F0200700312 /* Sources */,
				84F1761521FB9F0200700312 /* Frameworks */,
				84F1761621FB9F0200700312 /* Resources */,
			);
			buildRules = (
			);
			dependencies = (
			);
			name = TestHH;
			productName = TestHH;
			productReference = 84F1761821FB9F0200700312 /* TestHH.app */;
			productType = "com.apple.product-type.application";
		};
/* End PBXNativeTarget section */

/* Begin PBXProject section */
		84F1761021FB9F0200700312 /* Project object */ = {
			isa = PBXProject;
			attributes = {
				LastSwiftUpdateCheck = 1010;
				LastUpgradeCheck = 1010;
				ORGANIZATIONNAME = "Anna Miksiuk";
				TargetAttributes = {
					84F1761721FB9F0200700312 = {
						CreatedOnToolsVersion = 10.1;
					};
				};
			};
			buildConfigurationList = 84F1761321FB9F0200700312 /* Build configuration list for PBXProject "TestHH" */;
			compatibilityVersion = "Xcode 9.3";
			developmentRegion = en;
			hasScannedForEncodings = 0;
			knownRegions = (
				en,
				Base,
			);
			mainGroup = 84F1760F21FB9F0200700312;
			productRefGroup = 84F1761921FB9F0200700312 /* Products */;
			projectDirPath = "";
			projectRoot = "";
			targets = (
				84F1761721FB9F0200700312 /* TestHH */,
			);
		};
/* End PBXProject section */

/* Begin PBXResourcesBuildPhase section */
		84F1761621FB9F0200700312 /* Resources */ = {
			isa = PBXResourcesBuildPhase;
			buildActionMask = 2147483647;
			files = (
				84F1762621FB9F0400700312 /* LaunchScreen.storyboard in Resources */,
				84B0191121FD13AA0054B4F0 /* SFUIText-Regular.otf in Resources */,
				84F1762321FB9F0400700312 /* Assets.xcassets in Resources */,
				84B018FE21FBA4870054B4F0 /* InputTextView.xib in Resources */,
				84B0191221FD13AD0054B4F0 /* SFUIText-Medium.otf in Resources */,
				84F1762121FB9F0200700312 /* Main.storyboard in Resources */,
			);
			runOnlyForDeploymentPostprocessing = 0;
		};
/* End PBXResourcesBuildPhase section */

/* Begin PBXSourcesBuildPhase section */
		84F1761421FB9F0200700312 /* Sources */ = {
			isa = PBXSourcesBuildPhase;
			buildActionMask = 2147483647;
			files = (
				84B0191621FE203C0054B4F0 /* UILabel.swift in Sources */,
				84B018FC21FBA4750054B4F0 /* InputTextView.swift in Sources */,
				84B0190121FBA96F0054B4F0 /* UIColor.swift in Sources */,
				84B0190521FBBD230054B4F0 /* Global.swift in Sources */,
				84B0190721FCB8650054B4F0 /* MainViewController.swift in Sources */,
				84F1761E21FB9F0200700312 /* AuthViewController.swift in Sources */,
				84F1761C21FB9F0200700312 /* AppDelegate.swift in Sources */,
				84B0190D21FD06830054B4F0 /* WeatherModel.swift in Sources */,
				84B0191821FE20590054B4F0 /* UIButton.swift in Sources */,
				84B0190B21FCEF5E0054B4F0 /* WeatherService.swift in Sources */,
				84B0191421FD144B0054B4F0 /* UIFont.swift in Sources */,
			);
			runOnlyForDeploymentPostprocessing = 0;
		};
/* End PBXSourcesBuildPhase section */

/* Begin PBXVariantGroup section */
		84F1761F21FB9F0200700312 /* Main.storyboard */ = {
			isa = PBXVariantGroup;
			children = (
				84F1762021FB9F0200700312 /* Base */,
			);
			name = Main.storyboard;
			sourceTree = "<group>";
		};
		84F1762421FB9F0400700312 /* LaunchScreen.storyboard */ = {
			isa = PBXVariantGroup;
			children = (
				84F1762521FB9F0400700312 /* Base */,
			);
			name = LaunchScreen.storyboard;
			sourceTree = "<group>";
		};
/* End PBXVariantGroup section */

/* Begin XCBuildConfiguration section */
		84F1762821FB9F0400700312 /* Debug */ = {
			isa = XCBuildConfiguration;
			buildSettings = {
				ALWAYS_SEARCH_USER_PATHS = NO;
				CLANG_ANALYZER_NONNULL = YES;
				CLANG_ANALYZER_NUMBER_OBJECT_CONVERSION = YES_AGGRESSIVE;
				CLANG_CXX_LANGUAGE_STANDARD = "gnu++14";
				CLANG_CXX_LIBRARY = "libc++";
				CLANG_ENABLE_MODULES = YES;
				CLANG_ENABLE_OBJC_ARC = YES;
				CLANG_ENABLE_OBJC_WEAK = YES;
				CLANG_WARN_BLOCK_CAPTURE_AUTORELEASING = YES;
				CLANG_WARN_BOOL_CONVERSION = YES;
				CLANG_WARN_COMMA = YES;
				CLANG_WARN_CONSTANT_CONVERSION = YES;
				CLANG_WARN_DEPRECATED_OBJC_IMPLEMENTATIONS = YES;
				CLANG_WARN_DIRECT_OBJC_ISA_USAGE = YES_ERROR;
				CLANG_WARN_DOCUMENTATION_COMMENTS = YES;
				CLANG_WARN_EMPTY_BODY = YES;
				CLANG_WARN_ENUM_CONVERSION = YES;
				CLANG_WARN_INFINITE_RECURSION = YES;
				CLANG_WARN_INT_CONVERSION = YES;
				CLANG_WARN_NON_LITERAL_NULL_CONVERSION = YES;
				CLANG_WARN_OBJC_IMPLICIT_RETAIN_SELF = YES;
				CLANG_WARN_OBJC_LITERAL_CONVERSION = YES;
				CLANG_WARN_OBJC_ROOT_CLASS = YES_ERROR;
				CLANG_WARN_RANGE_LOOP_ANALYSIS = YES;
				CLANG_WARN_STRICT_PROTOTYPES = YES;
				CLANG_WARN_SUSPICIOUS_MOVE = YES;
				CLANG_WARN_UNGUARDED_AVAILABILITY = YES_AGGRESSIVE;
				CLANG_WARN_UNREACHABLE_CODE = YES;
				CLANG_WARN__DUPLICATE_METHOD_MATCH = YES;
				CODE_SIGN_IDENTITY = "iPhone Developer";
				COPY_PHASE_STRIP = NO;
				DEBUG_INFORMATION_FORMAT = dwarf;
				ENABLE_STRICT_OBJC_MSGSEND = YES;
				ENABLE_TESTABILITY = YES;
				GCC_C_LANGUAGE_STANDARD = gnu11;
				GCC_DYNAMIC_NO_PIC = NO;
				GCC_NO_COMMON_BLOCKS = YES;
				GCC_OPTIMIZATION_LEVEL = 0;
				GCC_PREPROCESSOR_DEFINITIONS = (
					"DEBUG=1",
					"$(inherited)",
				);
				GCC_WARN_64_TO_32_BIT_CONVERSION = YES;
				GCC_WARN_ABOUT_RETURN_TYPE = YES_ERROR;
				GCC_WARN_UNDECLARED_SELECTOR = YES;
				GCC_WARN_UNINITIALIZED_AUTOS = YES_AGGRESSIVE;
				GCC_WARN_UNUSED_FUNCTION = YES;
				GCC_WARN_UNUSED_VARIABLE = YES;
				IPHONEOS_DEPLOYMENT_TARGET = 10.0;
				MTL_ENABLE_DEBUG_INFO = INCLUDE_SOURCE;
				MTL_FAST_MATH = YES;
				ONLY_ACTIVE_ARCH = YES;
				SDKROOT = iphoneos;
				SWIFT_ACTIVE_COMPILATION_CONDITIONS = DEBUG;
				SWIFT_OPTIMIZATION_LEVEL = "-Onone";
			};
			name = Debug;
		};
		84F1762921FB9F0400700312 /* Release */ = {
			isa = XCBuildConfiguration;
			buildSettings = {
				ALWAYS_SEARCH_USER_PATHS = NO;
				CLANG_ANALYZER_NONNULL = YES;
				CLANG_ANALYZER_NUMBER_OBJECT_CONVERSION = YES_AGGRESSIVE;
				CLANG_CXX_LANGUAGE_STANDARD = "gnu++14";
				CLANG_CXX_LIBRARY = "libc++";
				CLANG_ENABLE_MODULES = YES;
				CLANG_ENABLE_OBJC_ARC = YES;
				CLANG_ENABLE_OBJC_WEAK = YES;
				CLANG_WARN_BLOCK_CAPTURE_AUTORELEASING = YES;
				CLANG_WARN_BOOL_CONVERSION = YES;
				CLANG_WARN_COMMA = YES;
				CLANG_WARN_CONSTANT_CONVERSION = YES;
				CLANG_WARN_DEPRECATED_OBJC_IMPLEMENTATIONS = YES;
				CLANG_WARN_DIRECT_OBJC_ISA_USAGE = YES_ERROR;
				CLANG_WARN_DOCUMENTATION_COMMENTS = YES;
				CLANG_WARN_EMPTY_BODY = YES;
				CLANG_WARN_ENUM_CONVERSION = YES;
				CLANG_WARN_INFINITE_RECURSION = YES;
				CLANG_WARN_INT_CONVERSION = YES;
				CLANG_WARN_NON_LITERAL_NULL_CONVERSION = YES;
				CLANG_WARN_OBJC_IMPLICIT_RETAIN_SELF = YES;
				CLANG_WARN_OBJC_LITERAL_CONVERSION = YES;
				CLANG_WARN_OBJC_ROOT_CLASS = YES_ERROR;
				CLANG_WARN_RANGE_LOOP_ANALYSIS = YES;
				CLANG_WARN_STRICT_PROTOTYPES = YES;
				CLANG_WARN_SUSPICIOUS_MOVE = YES;
				CLANG_WARN_UNGUARDED_AVAILABILITY = YES_AGGRESSIVE;
				CLANG_WARN_UNREACHABLE_CODE = YES;
				CLANG_WARN__DUPLICATE_METHOD_MATCH = YES;
				CODE_SIGN_IDENTITY = "iPhone Developer";
				COPY_PHASE_STRIP = NO;
				DEBUG_INFORMATION_FORMAT = "dwarf-with-dsym";
				ENABLE_NS_ASSERTIONS = NO;
				ENABLE_STRICT_OBJC_MSGSEND = YES;
				GCC_C_LANGUAGE_STANDARD = gnu11;
				GCC_NO_COMMON_BLOCKS = YES;
				GCC_WARN_64_TO_32_BIT_CONVERSION = YES;
				GCC_WARN_ABOUT_RETURN_TYPE = YES_ERROR;
				GCC_WARN_UNDECLARED_SELECTOR = YES;
				GCC_WARN_UNINITIALIZED_AUTOS = YES_AGGRESSIVE;
				GCC_WARN_UNUSED_FUNCTION = YES;
				GCC_WARN_UNUSED_VARIABLE = YES;
				IPHONEOS_DEPLOYMENT_TARGET = 10.0;
				MTL_ENABLE_DEBUG_INFO = NO;
				MTL_FAST_MATH = YES;
				SDKROOT = iphoneos;
				SWIFT_COMPILATION_MODE = wholemodule;
				SWIFT_OPTIMIZATION_LEVEL = "-O";
				VALIDATE_PRODUCT = YES;
			};
			name = Release;
		};
		84F1762B21FB9F0400700312 /* Debug */ = {
			isa = XCBuildConfiguration;
			buildSettings = {
				ASSETCATALOG_COMPILER_APPICON_NAME = AppIcon;
				CODE_SIGN_STYLE = Automatic;
				DEVELOPMENT_TEAM = N5RAPCKDR7;
				INFOPLIST_FILE = "$(SRCROOT)/TestHH/System/Info.plist";
				IPHONEOS_DEPLOYMENT_TARGET = 10.0;
				LD_RUNPATH_SEARCH_PATHS = (
					"$(inherited)",
					"@executable_path/Frameworks",
				);
				PRODUCT_BUNDLE_IDENTIFIER = com.annamiksiuk.TestHH;
				PRODUCT_NAME = "$(TARGET_NAME)";
				SWIFT_VERSION = 4.2;
				TARGETED_DEVICE_FAMILY = "1,2";
			};
			name = Debug;
		};
		84F1762C21FB9F0400700312 /* Release */ = {
			isa = XCBuildConfiguration;
			buildSettings = {
				ASSETCATALOG_COMPILER_APPICON_NAME = AppIcon;
				CODE_SIGN_STYLE = Automatic;
				DEVELOPMENT_TEAM = N5RAPCKDR7;
				INFOPLIST_FILE = "$(SRCROOT)/TestHH/System/Info.plist";
				IPHONEOS_DEPLOYMENT_TARGET = 10.0;
				LD_RUNPATH_SEARCH_PATHS = (
					"$(inherited)",
					"@executable_path/Frameworks",
				);
				PRODUCT_BUNDLE_IDENTIFIER = com.annamiksiuk.TestHH;
				PRODUCT_NAME = "$(TARGET_NAME)";
				SWIFT_VERSION = 4.2;
				TARGETED_DEVICE_FAMILY = "1,2";
			};
			name = Release;
		};
/* End XCBuildConfiguration section */

/* Begin XCConfigurationList section */
		84F1761321FB9F0200700312 /* Build configuration list for PBXProject "TestHH" */ = {
			isa = XCConfigurationList;
			buildConfigurations = (
				84F1762821FB9F0400700312 /* Debug */,
				84F1762921FB9F0400700312 /* Release */,
			);
			defaultConfigurationIsVisible = 0;
			defaultConfigurationName = Release;
		};
		84F1762A21FB9F0400700312 /* Build configuration list for PBXNativeTarget "TestHH" */ = {
			isa = XCConfigurationList;
			buildConfigurations = (
				84F1762B21FB9F0400700312 /* Debug */,
				84F1762C21FB9F0400700312 /* Release */,
			);
			defaultConfigurationIsVisible = 0;
			defaultConfigurationName = Release;
		};
/* End XCConfigurationList section */
	};
	rootObject = 84F1761021FB9F0200700312 /* Project object */;
}
